// !$*UTF8*$!
{
	archiveVersion = 1;
	classes = {
	};
	objectVersion = 55;
	objects = {

/* Begin PBXBuildFile section */
		220BE7182805698700DFDEBE /* AppDelegate.swift in Sources */ = {isa = PBXBuildFile; fileRef = 220BE7172805698700DFDEBE /* AppDelegate.swift */; };
		220BE71A2805698700DFDEBE /* SceneDelegate.swift in Sources */ = {isa = PBXBuildFile; fileRef = 220BE7192805698700DFDEBE /* SceneDelegate.swift */; };
		220BE71C2805698700DFDEBE /* MemeViewController.swift in Sources */ = {isa = PBXBuildFile; fileRef = 220BE71B2805698700DFDEBE /* MemeViewController.swift */; };
		220BE71F2805698700DFDEBE /* Main.storyboard in Resources */ = {isa = PBXBuildFile; fileRef = 220BE71D2805698700DFDEBE /* Main.storyboard */; };
		220BE7212805698A00DFDEBE /* Assets.xcassets in Resources */ = {isa = PBXBuildFile; fileRef = 220BE7202805698A00DFDEBE /* Assets.xcassets */; };
		220BE7242805698A00DFDEBE /* LaunchScreen.storyboard in Resources */ = {isa = PBXBuildFile; fileRef = 220BE7222805698A00DFDEBE /* LaunchScreen.storyboard */; };
		220BE72C280573AB00DFDEBE /* BottomTextFieldDelegate.swift in Sources */ = {isa = PBXBuildFile; fileRef = 220BE72B280573AB00DFDEBE /* BottomTextFieldDelegate.swift */; };
		220C96D82805C56800E9E819 /* Meme.swift in Sources */ = {isa = PBXBuildFile; fileRef = 220C96D72805C56700E9E819 /* Meme.swift */; };
		2299052A28173E1600E33A5C /* CollectionViewCell.swift in Sources */ = {isa = PBXBuildFile; fileRef = 2299052928173E1600E33A5C /* CollectionViewCell.swift */; };
		2299052C28174D6E00E33A5C /* SharedMemeViewController.swift in Sources */ = {isa = PBXBuildFile; fileRef = 2299052B28174D6E00E33A5C /* SharedMemeViewController.swift */; };
		2299052E28175E1600E33A5C /* SentMemeTableController.swift in Sources */ = {isa = PBXBuildFile; fileRef = 2299052D28175E1600E33A5C /* SentMemeTableController.swift */; };
		22A9276A2814A314009E0D82 /* SentMemeCollectionController.swift in Sources */ = {isa = PBXBuildFile; fileRef = 22A927692814A314009E0D82 /* SentMemeCollectionController.swift */; };
/* End PBXBuildFile section */

/* Begin PBXFileReference section */
		220BE7142805698700DFDEBE /* memeMe1.0.app */ = {isa = PBXFileReference; explicitFileType = wrapper.application; includeInIndex = 0; path = memeMe1.0.app; sourceTree = BUILT_PRODUCTS_DIR; };
		220BE7172805698700DFDEBE /* AppDelegate.swift */ = {isa = PBXFileReference; lastKnownFileType = sourcecode.swift; path = AppDelegate.swift; sourceTree = "<group>"; };
		220BE7192805698700DFDEBE /* SceneDelegate.swift */ = {isa = PBXFileReference; lastKnownFileType = sourcecode.swift; path = SceneDelegate.swift; sourceTree = "<group>"; };
		220BE71B2805698700DFDEBE /* MemeViewController.swift */ = {isa = PBXFileReference; lastKnownFileType = sourcecode.swift; path = MemeViewController.swift; sourceTree = "<group>"; };
		220BE71E2805698700DFDEBE /* Base */ = {isa = PBXFileReference; lastKnownFileType = file.storyboard; name = Base; path = Base.lproj/Main.storyboard; sourceTree = "<group>"; };
		220BE7202805698A00DFDEBE /* Assets.xcassets */ = {isa = PBXFileReference; lastKnownFileType = folder.assetcatalog; path = Assets.xcassets; sourceTree = "<group>"; };
		220BE7232805698A00DFDEBE /* Base */ = {isa = PBXFileReference; lastKnownFileType = file.storyboard; name = Base; path = Base.lproj/LaunchScreen.storyboard; sourceTree = "<group>"; };
		220BE7252805698A00DFDEBE /* Info.plist */ = {isa = PBXFileReference; lastKnownFileType = text.plist.xml; path = Info.plist; sourceTree = "<group>"; };
		220BE72B280573AB00DFDEBE /* BottomTextFieldDelegate.swift */ = {isa = PBXFileReference; lastKnownFileType = sourcecode.swift; path = BottomTextFieldDelegate.swift; sourceTree = "<group>"; };
		220C96D72805C56700E9E819 /* Meme.swift */ = {isa = PBXFileReference; lastKnownFileType = sourcecode.swift; path = Meme.swift; sourceTree = "<group>"; };
		2299052928173E1600E33A5C /* CollectionViewCell.swift */ = {isa = PBXFileReference; lastKnownFileType = sourcecode.swift; path = CollectionViewCell.swift; sourceTree = "<group>"; };
		2299052B28174D6E00E33A5C /* SharedMemeViewController.swift */ = {isa = PBXFileReference; lastKnownFileType = sourcecode.swift; path = SharedMemeViewController.swift; sourceTree = "<group>"; };
		2299052D28175E1600E33A5C /* SentMemeTableController.swift */ = {isa = PBXFileReference; lastKnownFileType = sourcecode.swift; path = SentMemeTableController.swift; sourceTree = "<group>"; };
		22A927692814A314009E0D82 /* SentMemeCollectionController.swift */ = {isa = PBXFileReference; lastKnownFileType = sourcecode.swift; path = SentMemeCollectionController.swift; sourceTree = "<group>"; };
/* End PBXFileReference section */

/* Begin PBXFrameworksBuildPhase section */
		220BE7112805698700DFDEBE /* Frameworks */ = {
			isa = PBXFrameworksBuildPhase;
			buildActionMask = 2147483647;
			files = (
			);
			runOnlyForDeploymentPostprocessing = 0;
		};
/* End PBXFrameworksBuildPhase section */

/* Begin PBXGroup section */
		220BE70B2805698700DFDEBE = {
			isa = PBXGroup;
			children = (
				220BE7162805698700DFDEBE /* memeMe1.0 */,
				220BE7152805698700DFDEBE /* Products */,
			);
			sourceTree = "<group>";
		};
		220BE7152805698700DFDEBE /* Products */ = {
			isa = PBXGroup;
			children = (
				220BE7142805698700DFDEBE /* memeMe1.0.app */,
			);
			name = Products;
			sourceTree = "<group>";
		};
		220BE7162805698700DFDEBE /* memeMe1.0 */ = {
			isa = PBXGroup;
			children = (
				2279F23528157470008FD6D6 /* Table and Collection Controller */,
				220BE7172805698700DFDEBE /* AppDelegate.swift */,
				220BE7192805698700DFDEBE /* SceneDelegate.swift */,
				220BE71B2805698700DFDEBE /* MemeViewController.swift */,
				220BE72B280573AB00DFDEBE /* BottomTextFieldDelegate.swift */,
				2299052B28174D6E00E33A5C /* SharedMemeViewController.swift */,
				220C96D72805C56700E9E819 /* Meme.swift */,
				220BE71D2805698700DFDEBE /* Main.storyboard */,
				220BE7202805698A00DFDEBE /* Assets.xcassets */,
				220BE7222805698A00DFDEBE /* LaunchScreen.storyboard */,
				220BE7252805698A00DFDEBE /* Info.plist */,
			);
			path = memeMe1.0;
			sourceTree = "<group>";
		};
		2279F23528157470008FD6D6 /* Table and Collection Controller */ = {
			isa = PBXGroup;
			children = (
				2299052D28175E1600E33A5C /* SentMemeTableController.swift */,
				22A927692814A314009E0D82 /* SentMemeCollectionController.swift */,
				2299052928173E1600E33A5C /* CollectionViewCell.swift */,
			);
			path = "Table and Collection Controller";
			sourceTree = "<group>";
		};
/* End PBXGroup section */

/* Begin PBXNativeTarget section */
		220BE7132805698700DFDEBE /* memeMe1.0 */ = {
			isa = PBXNativeTarget;
			buildConfigurationList = 220BE7282805698A00DFDEBE /* Build configuration list for PBXNativeTarget "memeMe1.0" */;
			buildPhases = (
				220BE7102805698700DFDEBE /* Sources */,
				220BE7112805698700DFDEBE /* Frameworks */,
				220BE7122805698700DFDEBE /* Resources */,
			);
			buildRules = (
			);
			dependencies = (
			);
			name = memeMe1.0;
			productName = memeMe1.0;
			productReference = 220BE7142805698700DFDEBE /* memeMe1.0.app */;
			productType = "com.apple.product-type.application";
		};
/* End PBXNativeTarget section */

/* Begin PBXProject section */
		220BE70C2805698700DFDEBE /* Project object */ = {
			isa = PBXProject;
			attributes = {
				BuildIndependentTargetsInParallel = 1;
				LastSwiftUpdateCheck = 1330;
				LastUpgradeCheck = 1330;
				TargetAttributes = {
					220BE7132805698700DFDEBE = {
						CreatedOnToolsVersion = 13.3;
					};
				};
			};
			buildConfigurationList = 220BE70F2805698700DFDEBE /* Build configuration list for PBXProject "memeMe1.0" */;
			compatibilityVersion = "Xcode 13.0";
			developmentRegion = en;
			hasScannedForEncodings = 0;
			knownRegions = (
				en,
				Base,
			);
			mainGroup = 220BE70B2805698700DFDEBE;
			productRefGroup = 220BE7152805698700DFDEBE /* Products */;
			projectDirPath = "";
			projectRoot = "";
			targets = (
				220BE7132805698700DFDEBE /* memeMe1.0 */,
			);
		};
/* End PBXProject section */

/* Begin PBXResourcesBuildPhase section */
		220BE7122805698700DFDEBE /* Resources */ = {
			isa = PBXResourcesBuildPhase;
			buildActionMask = 2147483647;
			files = (
				220BE7242805698A00DFDEBE /* LaunchScreen.storyboard in Resources */,
				220BE7212805698A00DFDEBE /* Assets.xcassets in Resources */,
				220BE71F2805698700DFDEBE /* Main.storyboard in Resources */,
			);
			runOnlyForDeploymentPostprocessing = 0;
		};
/* End PBXResourcesBuildPhase section */

/* Begin PBXSourcesBuildPhase section */
		220BE7102805698700DFDEBE /* Sources */ = {
			isa = PBXSourcesBuildPhase;
			buildActionMask = 2147483647;
			files = (
				220BE71C2805698700DFDEBE /* MemeViewController.swift in Sources */,
				220BE72C280573AB00DFDEBE /* BottomTextFieldDelegate.swift in Sources */,
				2299052C28174D6E00E33A5C /* SharedMemeViewController.swift in Sources */,
				2299052A28173E1600E33A5C /* CollectionViewCell.swift in Sources */,
				2299052E28175E1600E33A5C /* SentMemeTableController.swift in Sources */,
				220BE7182805698700DFDEBE /* AppDelegate.swift in Sources */,
				220C96D82805C56800E9E819 /* Meme.swift in Sources */,
				22A9276A2814A314009E0D82 /* SentMemeCollectionController.swift in Sources */,
				220BE71A2805698700DFDEBE /* SceneDelegate.swift in Sources */,
			);
			runOnlyForDeploymentPostprocessing = 0;
		};
/* End PBXSourcesBuildPhase section */

/* Begin PBXVariantGroup section */
		220BE71D2805698700DFDEBE /* Main.storyboard */ = {
			isa = PBXVariantGroup;
			children = (
				220BE71E2805698700DFDEBE /* Base */,
			);
			name = Main.storyboard;
			sourceTree = "<group>";
		};
		220BE7222805698A00DFDEBE /* LaunchScreen.storyboard */ = {
			isa = PBXVariantGroup;
			children = (
				220BE7232805698A00DFDEBE /* Base */,
			);
			name = LaunchScreen.storyboard;
			sourceTree = "<group>";
		};
/* End PBXVariantGroup section */

/* Begin XCBuildConfiguration section */
		220BE7262805698A00DFDEBE /* Debug */ = {
			isa = XCBuildConfiguration;
			buildSettings = {
				ALWAYS_SEARCH_USER_PATHS = NO;
				CLANG_ANALYZER_NONNULL = YES;
				CLANG_ANALYZER_NUMBER_OBJECT_CONVERSION = YES_AGGRESSIVE;
				CLANG_CXX_LANGUAGE_STANDARD = "gnu++17";
				CLANG_ENABLE_MODULES = YES;
				CLANG_ENABLE_OBJC_ARC = YES;
				CLANG_ENABLE_OBJC_WEAK = YES;
				CLANG_WARN_BLOCK_CAPTURE_AUTORELEASING = YES;
				CLANG_WARN_BOOL_CONVERSION = YES;
				CLANG_WARN_COMMA = YES;
				CLANG_WARN_CONSTANT_CONVERSION = YES;
				CLANG_WARN_DEPRECATED_OBJC_IMPLEMENTATIONS = YES;
				CLANG_WARN_DIRECT_OBJC_ISA_USAGE = YES_ERROR;
				CLANG_WARN_DOCUMENTATION_COMMENTS = YES;
				CLANG_WARN_EMPTY_BODY = YES;
				CLANG_WARN_ENUM_CONVERSION = YES;
				CLANG_WARN_INFINITE_RECURSION = YES;
				CLANG_WARN_INT_CONVERSION = YES;
				CLANG_WARN_NON_LITERAL_NULL_CONVERSION = YES;
				CLANG_WARN_OBJC_IMPLICIT_RETAIN_SELF = YES;
				CLANG_WARN_OBJC_LITERAL_CONVERSION = YES;
				CLANG_WARN_OBJC_ROOT_CLASS = YES_ERROR;
				CLANG_WARN_QUOTED_INCLUDE_IN_FRAMEWORK_HEADER = YES;
				CLANG_WARN_RANGE_LOOP_ANALYSIS = YES;
				CLANG_WARN_STRICT_PROTOTYPES = YES;
				CLANG_WARN_SUSPICIOUS_MOVE = YES;
				CLANG_WARN_UNGUARDED_AVAILABILITY = YES_AGGRESSIVE;
				CLANG_WARN_UNREACHABLE_CODE = YES;
				CLANG_WARN__DUPLICATE_METHOD_MATCH = YES;
				COPY_PHASE_STRIP = NO;
				DEBUG_INFORMATION_FORMAT = dwarf;
				ENABLE_STRICT_OBJC_MSGSEND = YES;
				ENABLE_TESTABILITY = YES;
				GCC_C_LANGUAGE_STANDARD = gnu11;
				GCC_DYNAMIC_NO_PIC = NO;
				GCC_NO_COMMON_BLOCKS = YES;
				GCC_OPTIMIZATION_LEVEL = 0;
				GCC_PREPROCESSOR_DEFINITIONS = (
					"DEBUG=1",
					"$(inherited)",
				);
				GCC_WARN_64_TO_32_BIT_CONVERSION = YES;
				GCC_WARN_ABOUT_RETURN_TYPE = YES_ERROR;
				GCC_WARN_UNDECLARED_SELECTOR = YES;
				GCC_WARN_UNINITIALIZED_AUTOS = YES_AGGRESSIVE;
				GCC_WARN_UNUSED_FUNCTION = YES;
				GCC_WARN_UNUSED_VARIABLE = YES;
				IPHONEOS_DEPLOYMENT_TARGET = 15.4;
				MTL_ENABLE_DEBUG_INFO = INCLUDE_SOURCE;
				MTL_FAST_MATH = YES;
				ONLY_ACTIVE_ARCH = YES;
				SDKROOT = iphoneos;
				SWIFT_ACTIVE_COMPILATION_CONDITIONS = DEBUG;
				SWIFT_OPTIMIZATION_LEVEL = "-Onone";
			};
			name = Debug;
		};
		220BE7272805698A00DFDEBE /* Release */ = {
			isa = XCBuildConfiguration;
			buildSettings = {
				ALWAYS_SEARCH_USER_PATHS = NO;
				CLANG_ANALYZER_NONNULL = YES;
				CLANG_ANALYZER_NUMBER_OBJECT_CONVERSION = YES_AGGRESSIVE;
				CLANG_CXX_LANGUAGE_STANDARD = "gnu++17";
				CLANG_ENABLE_MODULES = YES;
				CLANG_ENABLE_OBJC_ARC = YES;
				CLANG_ENABLE_OBJC_WEAK = YES;
				CLANG_WARN_BLOCK_CAPTURE_AUTORELEASING = YES;
				CLANG_WARN_BOOL_CONVERSION = YES;
				CLANG_WARN_COMMA = YES;
				CLANG_WARN_CONSTANT_CONVERSION = YES;
				CLANG_WARN_DEPRECATED_OBJC_IMPLEMENTATIONS = YES;
				CLANG_WARN_DIRECT_OBJC_ISA_USAGE = YES_ERROR;
				CLANG_WARN_DOCUMENTATION_COMMENTS = YES;
				CLANG_WARN_EMPTY_BODY = YES;
				CLANG_WARN_ENUM_CONVERSION = YES;
				CLANG_WARN_INFINITE_RECURSION = YES;
				CLANG_WARN_INT_CONVERSION = YES;
				CLANG_WARN_NON_LITERAL_NULL_CONVERSION = YES;
				CLANG_WARN_OBJC_IMPLICIT_RETAIN_SELF = YES;
				CLANG_WARN_OBJC_LITERAL_CONVERSION = YES;
				CLANG_WARN_OBJC_ROOT_CLASS = YES_ERROR;
				CLANG_WARN_QUOTED_INCLUDE_IN_FRAMEWORK_HEADER = YES;
				CLANG_WARN_RANGE_LOOP_ANALYSIS = YES;
				CLANG_WARN_STRICT_PROTOTYPES = YES;
				CLANG_WARN_SUSPICIOUS_MOVE = YES;
				CLANG_WARN_UNGUARDED_AVAILABILITY = YES_AGGRESSIVE;
				CLANG_WARN_UNREACHABLE_CODE = YES;
				CLANG_WARN__DUPLICATE_METHOD_MATCH = YES;
				COPY_PHASE_STRIP = NO;
				DEBUG_INFORMATION_FORMAT = "dwarf-with-dsym";
				ENABLE_NS_ASSERTIONS = NO;
				ENABLE_STRICT_OBJC_MSGSEND = YES;
				GCC_C_LANGUAGE_STANDARD = gnu11;
				GCC_NO_COMMON_BLOCKS = YES;
				GCC_WARN_64_TO_32_BIT_CONVERSION = YES;
				GCC_WARN_ABOUT_RETURN_TYPE = YES_ERROR;
				GCC_WARN_UNDECLARED_SELECTOR = YES;
				GCC_WARN_UNINITIALIZED_AUTOS = YES_AGGRESSIVE;
				GCC_WARN_UNUSED_FUNCTION = YES;
				GCC_WARN_UNUSED_VARIABLE = YES;
				IPHONEOS_DEPLOYMENT_TARGET = 15.4;
				MTL_ENABLE_DEBUG_INFO = NO;
				MTL_FAST_MATH = YES;
				SDKROOT = iphoneos;
				SWIFT_COMPILATION_MODE = wholemodule;
				SWIFT_OPTIMIZATION_LEVEL = "-O";
				VALIDATE_PRODUCT = YES;
			};
			name = Release;
		};
		220BE7292805698A00DFDEBE /* Debug */ = {
			isa = XCBuildConfiguration;
			buildSettings = {
				ASSETCATALOG_COMPILER_APPICON_NAME = AppIcon;
				ASSETCATALOG_COMPILER_GLOBAL_ACCENT_COLOR_NAME = AccentColor;
				CODE_SIGN_STYLE = Automatic;
				CURRENT_PROJECT_VERSION = 1;
				GENERATE_INFOPLIST_FILE = YES;
				INFOPLIST_FILE = memeMe1.0/Info.plist;
				INFOPLIST_KEY_UIApplicationSupportsIndirectInputEvents = YES;
				INFOPLIST_KEY_UILaunchStoryboardName = LaunchScreen;
				INFOPLIST_KEY_UIMainStoryboardFile = Main;
				INFOPLIST_KEY_UISupportedInterfaceOrientations = "UIInterfaceOrientationPortrait UIInterfaceOrientationLandscapeLeft UIInterfaceOrientationLandscapeRight";
				INFOPLIST_KEY_UISupportedInterfaceOrientations_iPad = "UIInterfaceOrientationPortrait UIInterfaceOrientationPortraitUpsideDown UIInterfaceOrientationLandscapeLeft UIInterfaceOrientationLandscapeRight";
				INFOPLIST_KEY_UISupportedInterfaceOrientations_iPhone = "UIInterfaceOrientationPortrait UIInterfaceOrientationLandscapeLeft UIInterfaceOrientationLandscapeRight";
				LD_RUNPATH_SEARCH_PATHS = (
					"$(inherited)",
					"@executable_path/Frameworks",
				);
				MARKETING_VERSION = 1.0;
				PRODUCT_BUNDLE_IDENTIFIER = "com.udacity.memeMe1-0";
				PRODUCT_NAME = "$(TARGET_NAME)";
				SWIFT_EMIT_LOC_STRINGS = YES;
				SWIFT_VERSION = 5.0;
				TARGETED_DEVICE_FAMILY = "1,2";
			};
			name = Debug;
		};
		220BE72A2805698A00DFDEBE /* Release */ = {
			isa = XCBuildConfiguration;
			buildSettings = {
				ASSETCATALOG_COMPILER_APPICON_NAME = AppIcon;
				ASSETCATALOG_COMPILER_GLOBAL_ACCENT_COLOR_NAME = AccentColor;
				CODE_SIGN_STYLE = Automatic;
				CURRENT_PROJECT_VERSION = 1;
				GENERATE_INFOPLIST_FILE = YES;
				INFOPLIST_FILE = memeMe1.0/Info.plist;
				INFOPLIST_KEY_UIApplicationSupportsIndirectInputEvents = YES;
				INFOPLIST_KEY_UILaunchStoryboardName = LaunchScreen;
				INFOPLIST_KEY_UIMainStoryboardFile = Main;
				INFOPLIST_KEY_UISupportedInterfaceOrientations = "UIInterfaceOrientationPortrait UIInterfaceOrientationLandscapeLeft UIInterfaceOrientationLandscapeRight";
				INFOPLIST_KEY_UISupportedInterfaceOrientations_iPad = "UIInterfaceOrientationPortrait UIInterfaceOrientationPortraitUpsideDown UIInterfaceOrientationLandscapeLeft UIInterfaceOrientationLandscapeRight";
				INFOPLIST_KEY_UISupportedInterfaceOrientations_iPhone = "UIInterfaceOrientationPortrait UIInterfaceOrientationLandscapeLeft UIInterfaceOrientationLandscapeRight";
				LD_RUNPATH_SEARCH_PATHS = (
					"$(inherited)",
					"@executable_path/Frameworks",
				);
				MARKETING_VERSION = 1.0;
				PRODUCT_BUNDLE_IDENTIFIER = "com.udacity.memeMe1-0";
				PRODUCT_NAME = "$(TARGET_NAME)";
				SWIFT_EMIT_LOC_STRINGS = YES;
				SWIFT_VERSION = 5.0;
				TARGETED_DEVICE_FAMILY = "1,2";
			};
			name = Release;
		};
/* End XCBuildConfiguration section */

/* Begin XCConfigurationList section */
		220BE70F2805698700DFDEBE /* Build configuration list for PBXProject "memeMe1.0" */ = {
			isa = XCConfigurationList;
			buildConfigurations = (
				220BE7262805698A00DFDEBE /* Debug */,
				220BE7272805698A00DFDEBE /* Release */,
			);
			defaultConfigurationIsVisible = 0;
			defaultConfigurationName = Release;
		};
		220BE7282805698A00DFDEBE /* Build configuration list for PBXNativeTarget "memeMe1.0" */ = {
			isa = XCConfigurationList;
			buildConfigurations = (
				220BE7292805698A00DFDEBE /* Debug */,
				220BE72A2805698A00DFDEBE /* Release */,
			);
			defaultConfigurationIsVisible = 0;
			defaultConfigurationName = Release;
		};
/* End XCConfigurationList section */
	};
	rootObject = 220BE70C2805698700DFDEBE /* Project object */;
}
